// !$*UTF8*$!
{
	archiveVersion = 1;
	classes = {
	};
	objectVersion = 51;
	objects = {

/* Begin PBXBuildFile section */
		37068694F8E33E8A4FB0C612 /* Pods_contact.framework in Frameworks */ = {isa = PBXBuildFile; fileRef = 68727BDDFFC5FEB5D2A0106D /* Pods_contact.framework */; };
		80E5A2F1F92F6EDEA144FD35 /* Pods_ListingTests.framework in Frameworks */ = {isa = PBXBuildFile; fileRef = FD0F9BE2B5A2F8AD724E82FB /* Pods_ListingTests.framework */; };
		A13791FE267DD43A00A515DC /* AppDelegate.swift in Sources */ = {isa = PBXBuildFile; fileRef = A13791FD267DD43A00A515DC /* AppDelegate.swift */; };
		A1379200267DD43A00A515DC /* SceneDelegate.swift in Sources */ = {isa = PBXBuildFile; fileRef = A13791FF267DD43A00A515DC /* SceneDelegate.swift */; };
		A1379205267DD43A00A515DC /* Main.storyboard in Resources */ = {isa = PBXBuildFile; fileRef = A1379203267DD43A00A515DC /* Main.storyboard */; };
		A1379207267DD43D00A515DC /* Assets.xcassets in Resources */ = {isa = PBXBuildFile; fileRef = A1379206267DD43D00A515DC /* Assets.xcassets */; };
		A137920A267DD43D00A515DC /* LaunchScreen.storyboard in Resources */ = {isa = PBXBuildFile; fileRef = A1379208267DD43D00A515DC /* LaunchScreen.storyboard */; };
		A1379213267DD9AD00A515DC /* R.generated.swift in Sources */ = {isa = PBXBuildFile; fileRef = A1379212267DD9AD00A515DC /* R.generated.swift */; };
		A1379228267DE95700A515DC /* Splash.storyboard in Resources */ = {isa = PBXBuildFile; fileRef = A137921E267DE95700A515DC /* Splash.storyboard */; };
		A1379229267DE95700A515DC /* SplashWireframe.swift in Sources */ = {isa = PBXBuildFile; fileRef = A1379220267DE95700A515DC /* SplashWireframe.swift */; };
		A137922A267DE95700A515DC /* SplashConfigurator.swift in Sources */ = {isa = PBXBuildFile; fileRef = A1379222267DE95700A515DC /* SplashConfigurator.swift */; };
		A137922E267DEB4800A515DC /* Assembly.swift in Sources */ = {isa = PBXBuildFile; fileRef = A137922C267DEB4800A515DC /* Assembly.swift */; };
		A137922F267DEB4800A515DC /* Navigation.swift in Sources */ = {isa = PBXBuildFile; fileRef = A137922D267DEB4800A515DC /* Navigation.swift */; };
		A1379231267DEE7700A515DC /* ViewController.swift in Sources */ = {isa = PBXBuildFile; fileRef = A1379230267DEE7700A515DC /* ViewController.swift */; };
		A1379234267DEF8500A515DC /* data.json in Resources */ = {isa = PBXBuildFile; fileRef = A1379233267DEF8400A515DC /* data.json */; };
		A1379238267DF27200A515DC /* SplashViewModel.swift in Sources */ = {isa = PBXBuildFile; fileRef = A1379236267DF27200A515DC /* SplashViewModel.swift */; };
		A1379239267DF27200A515DC /* SplashViewController.swift in Sources */ = {isa = PBXBuildFile; fileRef = A1379237267DF27200A515DC /* SplashViewController.swift */; };
		A137923E267DF34600A515DC /* ScrollViewController.swift in Sources */ = {isa = PBXBuildFile; fileRef = A137923B267DF34600A515DC /* ScrollViewController.swift */; };
		A137923F267DF34600A515DC /* BaseViewController.swift in Sources */ = {isa = PBXBuildFile; fileRef = A137923C267DF34600A515DC /* BaseViewController.swift */; };
		A1379240267DF34600A515DC /* TableViewController.swift in Sources */ = {isa = PBXBuildFile; fileRef = A137923D267DF34600A515DC /* TableViewController.swift */; };
		A1379247267E015200A515DC /* ListingViewModel.swift in Sources */ = {isa = PBXBuildFile; fileRef = A1379242267E015200A515DC /* ListingViewModel.swift */; };
		A1379248267E015200A515DC /* ListingViewController.swift in Sources */ = {isa = PBXBuildFile; fileRef = A1379243267E015200A515DC /* ListingViewController.swift */; };
		A1379249267E015200A515DC /* ListingWireframe.swift in Sources */ = {isa = PBXBuildFile; fileRef = A1379245267E015200A515DC /* ListingWireframe.swift */; };
		A137924A267E015200A515DC /* ListingConfigurator.swift in Sources */ = {isa = PBXBuildFile; fileRef = A1379246267E015200A515DC /* ListingConfigurator.swift */; };
		A137924C267E01FE00A515DC /* Listing.storyboard in Resources */ = {isa = PBXBuildFile; fileRef = A137924B267E01FE00A515DC /* Listing.storyboard */; };
		A137924F267E039C00A515DC /* UINavigationController+Extension.swift in Sources */ = {isa = PBXBuildFile; fileRef = A137924E267E039C00A515DC /* UINavigationController+Extension.swift */; };
		A1379253267E073700A515DC /* Contact.swift in Sources */ = {isa = PBXBuildFile; fileRef = A1379252267E073700A515DC /* Contact.swift */; };
		A1379255267E098400A515DC /* ContactService.swift in Sources */ = {isa = PBXBuildFile; fileRef = A1379254267E098400A515DC /* ContactService.swift */; };
		A1379257267E0B7500A515DC /* Data+Extension.swift in Sources */ = {isa = PBXBuildFile; fileRef = A1379256267E0B7500A515DC /* Data+Extension.swift */; };
		A1379259267E0CD800A515DC /* Error.swift in Sources */ = {isa = PBXBuildFile; fileRef = A1379258267E0CD800A515DC /* Error.swift */; };
		A137925D267E408000A515DC /* ListingTableViewCell.swift in Sources */ = {isa = PBXBuildFile; fileRef = A137925B267E408000A515DC /* ListingTableViewCell.swift */; };
		A137925E267E408000A515DC /* ListingTableViewCell.xib in Resources */ = {isa = PBXBuildFile; fileRef = A137925C267E408000A515DC /* ListingTableViewCell.xib */; };
		A1379272267E60D500A515DC /* DetailsConfigurator.swift in Sources */ = {isa = PBXBuildFile; fileRef = A137926D267E60D500A515DC /* DetailsConfigurator.swift */; };
		A1379273267E60D500A515DC /* DetailsWireframe.swift in Sources */ = {isa = PBXBuildFile; fileRef = A137926E267E60D500A515DC /* DetailsWireframe.swift */; };
		A1379274267E60D500A515DC /* DetailsViewModel.swift in Sources */ = {isa = PBXBuildFile; fileRef = A1379270267E60D500A515DC /* DetailsViewModel.swift */; };
		A1379275267E60D500A515DC /* DetailsViewController.swift in Sources */ = {isa = PBXBuildFile; fileRef = A1379271267E60D500A515DC /* DetailsViewController.swift */; };
		A1379277267E620500A515DC /* Details.storyboard in Resources */ = {isa = PBXBuildFile; fileRef = A1379276267E620500A515DC /* Details.storyboard */; };
		A1379279267F159100A515DC /* InputTextField.swift in Sources */ = {isa = PBXBuildFile; fileRef = A1379278267F159100A515DC /* InputTextField.swift */; };
		A137927B267F1A5900A515DC /* String+Extension.swift in Sources */ = {isa = PBXBuildFile; fileRef = A137927A267F1A5900A515DC /* String+Extension.swift */; };
		A13CDAFB267F9C5900EB78AA /* UITextField+Extension.swift in Sources */ = {isa = PBXBuildFile; fileRef = A13CDAFA267F9C5900EB78AA /* UITextField+Extension.swift */; };
		A13CDB03267FA0FF00EB78AA /* ListingTests.swift in Sources */ = {isa = PBXBuildFile; fileRef = A13CDB02267FA0FF00EB78AA /* ListingTests.swift */; };
		A13CDB0B267FB5D700EB78AA /* contacts.json in Resources */ = {isa = PBXBuildFile; fileRef = A13CDB0A267FB5D700EB78AA /* contacts.json */; };
/* End PBXBuildFile section */

/* Begin PBXContainerItemProxy section */
		A13CDB05267FA0FF00EB78AA /* PBXContainerItemProxy */ = {
			isa = PBXContainerItemProxy;
			containerPortal = A13791F2267DD43A00A515DC /* Project object */;
			proxyType = 1;
			remoteGlobalIDString = A13791F9267DD43A00A515DC;
			remoteInfo = contact;
		};
/* End PBXContainerItemProxy section */

/* Begin PBXFileReference section */
		68727BDDFFC5FEB5D2A0106D /* Pods_contact.framework */ = {isa = PBXFileReference; explicitFileType = wrapper.framework; includeInIndex = 0; path = Pods_contact.framework; sourceTree = BUILT_PRODUCTS_DIR; };
		86CCBC189A353EE3196D42F1 /* Pods-ListingTests.debug.xcconfig */ = {isa = PBXFileReference; includeInIndex = 1; lastKnownFileType = text.xcconfig; name = "Pods-ListingTests.debug.xcconfig"; path = "Target Support Files/Pods-ListingTests/Pods-ListingTests.debug.xcconfig"; sourceTree = "<group>"; };
		91B973123F4CE3340248CE24 /* Pods-contact.debug.xcconfig */ = {isa = PBXFileReference; includeInIndex = 1; lastKnownFileType = text.xcconfig; name = "Pods-contact.debug.xcconfig"; path = "Target Support Files/Pods-contact/Pods-contact.debug.xcconfig"; sourceTree = "<group>"; };
		A13791FA267DD43A00A515DC /* contact.app */ = {isa = PBXFileReference; explicitFileType = wrapper.application; includeInIndex = 0; path = contact.app; sourceTree = BUILT_PRODUCTS_DIR; };
		A13791FD267DD43A00A515DC /* AppDelegate.swift */ = {isa = PBXFileReference; lastKnownFileType = sourcecode.swift; path = AppDelegate.swift; sourceTree = "<group>"; };
		A13791FF267DD43A00A515DC /* SceneDelegate.swift */ = {isa = PBXFileReference; lastKnownFileType = sourcecode.swift; path = SceneDelegate.swift; sourceTree = "<group>"; };
		A1379204267DD43A00A515DC /* Base */ = {isa = PBXFileReference; lastKnownFileType = file.storyboard; name = Base; path = Base.lproj/Main.storyboard; sourceTree = "<group>"; };
		A1379206267DD43D00A515DC /* Assets.xcassets */ = {isa = PBXFileReference; lastKnownFileType = folder.assetcatalog; path = Assets.xcassets; sourceTree = "<group>"; };
		A1379209267DD43D00A515DC /* Base */ = {isa = PBXFileReference; lastKnownFileType = file.storyboard; name = Base; path = Base.lproj/LaunchScreen.storyboard; sourceTree = "<group>"; };
		A137920B267DD43D00A515DC /* Info.plist */ = {isa = PBXFileReference; lastKnownFileType = text.plist.xml; path = Info.plist; sourceTree = "<group>"; };
		A1379212267DD9AD00A515DC /* R.generated.swift */ = {isa = PBXFileReference; fileEncoding = 4; lastKnownFileType = sourcecode.swift; path = R.generated.swift; sourceTree = "<group>"; };
		A137921E267DE95700A515DC /* Splash.storyboard */ = {isa = PBXFileReference; fileEncoding = 4; lastKnownFileType = file.storyboard; path = Splash.storyboard; sourceTree = "<group>"; };
		A1379220267DE95700A515DC /* SplashWireframe.swift */ = {isa = PBXFileReference; fileEncoding = 4; lastKnownFileType = sourcecode.swift; path = SplashWireframe.swift; sourceTree = "<group>"; };
		A1379222267DE95700A515DC /* SplashConfigurator.swift */ = {isa = PBXFileReference; fileEncoding = 4; lastKnownFileType = sourcecode.swift; path = SplashConfigurator.swift; sourceTree = "<group>"; };
		A137922C267DEB4800A515DC /* Assembly.swift */ = {isa = PBXFileReference; fileEncoding = 4; lastKnownFileType = sourcecode.swift; path = Assembly.swift; sourceTree = "<group>"; };
		A137922D267DEB4800A515DC /* Navigation.swift */ = {isa = PBXFileReference; fileEncoding = 4; lastKnownFileType = sourcecode.swift; path = Navigation.swift; sourceTree = "<group>"; };
		A1379230267DEE7700A515DC /* ViewController.swift */ = {isa = PBXFileReference; fileEncoding = 4; lastKnownFileType = sourcecode.swift; path = ViewController.swift; sourceTree = "<group>"; };
		A1379233267DEF8400A515DC /* data.json */ = {isa = PBXFileReference; fileEncoding = 4; lastKnownFileType = text.json; path = data.json; sourceTree = "<group>"; };
		A1379236267DF27200A515DC /* SplashViewModel.swift */ = {isa = PBXFileReference; fileEncoding = 4; lastKnownFileType = sourcecode.swift; path = SplashViewModel.swift; sourceTree = "<group>"; };
		A1379237267DF27200A515DC /* SplashViewController.swift */ = {isa = PBXFileReference; fileEncoding = 4; lastKnownFileType = sourcecode.swift; path = SplashViewController.swift; sourceTree = "<group>"; };
		A137923B267DF34600A515DC /* ScrollViewController.swift */ = {isa = PBXFileReference; fileEncoding = 4; lastKnownFileType = sourcecode.swift; path = ScrollViewController.swift; sourceTree = "<group>"; };
		A137923C267DF34600A515DC /* BaseViewController.swift */ = {isa = PBXFileReference; fileEncoding = 4; lastKnownFileType = sourcecode.swift; path = BaseViewController.swift; sourceTree = "<group>"; };
		A137923D267DF34600A515DC /* TableViewController.swift */ = {isa = PBXFileReference; fileEncoding = 4; lastKnownFileType = sourcecode.swift; path = TableViewController.swift; sourceTree = "<group>"; };
		A1379242267E015200A515DC /* ListingViewModel.swift */ = {isa = PBXFileReference; fileEncoding = 4; lastKnownFileType = sourcecode.swift; path = ListingViewModel.swift; sourceTree = "<group>"; };
		A1379243267E015200A515DC /* ListingViewController.swift */ = {isa = PBXFileReference; fileEncoding = 4; lastKnownFileType = sourcecode.swift; path = ListingViewController.swift; sourceTree = "<group>"; };
		A1379245267E015200A515DC /* ListingWireframe.swift */ = {isa = PBXFileReference; fileEncoding = 4; lastKnownFileType = sourcecode.swift; path = ListingWireframe.swift; sourceTree = "<group>"; };
		A1379246267E015200A515DC /* ListingConfigurator.swift */ = {isa = PBXFileReference; fileEncoding = 4; lastKnownFileType = sourcecode.swift; path = ListingConfigurator.swift; sourceTree = "<group>"; };
		A137924B267E01FE00A515DC /* Listing.storyboard */ = {isa = PBXFileReference; lastKnownFileType = file.storyboard; path = Listing.storyboard; sourceTree = "<group>"; };
		A137924E267E039C00A515DC /* UINavigationController+Extension.swift */ = {isa = PBXFileReference; fileEncoding = 4; lastKnownFileType = sourcecode.swift; path = "UINavigationController+Extension.swift"; sourceTree = "<group>"; };
		A1379252267E073700A515DC /* Contact.swift */ = {isa = PBXFileReference; lastKnownFileType = sourcecode.swift; path = Contact.swift; sourceTree = "<group>"; };
		A1379254267E098400A515DC /* ContactService.swift */ = {isa = PBXFileReference; lastKnownFileType = sourcecode.swift; path = ContactService.swift; sourceTree = "<group>"; };
		A1379256267E0B7500A515DC /* Data+Extension.swift */ = {isa = PBXFileReference; fileEncoding = 4; lastKnownFileType = sourcecode.swift; path = "Data+Extension.swift"; sourceTree = "<group>"; };
		A1379258267E0CD800A515DC /* Error.swift */ = {isa = PBXFileReference; fileEncoding = 4; lastKnownFileType = sourcecode.swift; path = Error.swift; sourceTree = "<group>"; };
		A137925B267E408000A515DC /* ListingTableViewCell.swift */ = {isa = PBXFileReference; fileEncoding = 4; lastKnownFileType = sourcecode.swift; path = ListingTableViewCell.swift; sourceTree = "<group>"; };
		A137925C267E408000A515DC /* ListingTableViewCell.xib */ = {isa = PBXFileReference; fileEncoding = 4; lastKnownFileType = file.xib; path = ListingTableViewCell.xib; sourceTree = "<group>"; };
		A137926D267E60D500A515DC /* DetailsConfigurator.swift */ = {isa = PBXFileReference; fileEncoding = 4; lastKnownFileType = sourcecode.swift; path = DetailsConfigurator.swift; sourceTree = "<group>"; };
		A137926E267E60D500A515DC /* DetailsWireframe.swift */ = {isa = PBXFileReference; fileEncoding = 4; lastKnownFileType = sourcecode.swift; path = DetailsWireframe.swift; sourceTree = "<group>"; };
		A1379270267E60D500A515DC /* DetailsViewModel.swift */ = {isa = PBXFileReference; fileEncoding = 4; lastKnownFileType = sourcecode.swift; path = DetailsViewModel.swift; sourceTree = "<group>"; };
		A1379271267E60D500A515DC /* DetailsViewController.swift */ = {isa = PBXFileReference; fileEncoding = 4; lastKnownFileType = sourcecode.swift; path = DetailsViewController.swift; sourceTree = "<group>"; };
		A1379276267E620500A515DC /* Details.storyboard */ = {isa = PBXFileReference; lastKnownFileType = file.storyboard; path = Details.storyboard; sourceTree = "<group>"; };
		A1379278267F159100A515DC /* InputTextField.swift */ = {isa = PBXFileReference; fileEncoding = 4; lastKnownFileType = sourcecode.swift; path = InputTextField.swift; sourceTree = "<group>"; };
		A137927A267F1A5900A515DC /* String+Extension.swift */ = {isa = PBXFileReference; fileEncoding = 4; lastKnownFileType = sourcecode.swift; path = "String+Extension.swift"; sourceTree = "<group>"; };
		A13CDAFA267F9C5900EB78AA /* UITextField+Extension.swift */ = {isa = PBXFileReference; fileEncoding = 4; lastKnownFileType = sourcecode.swift; path = "UITextField+Extension.swift"; sourceTree = "<group>"; };
		A13CDB00267FA0FF00EB78AA /* ListingTests.xctest */ = {isa = PBXFileReference; explicitFileType = wrapper.cfbundle; includeInIndex = 0; path = ListingTests.xctest; sourceTree = BUILT_PRODUCTS_DIR; };
		A13CDB02267FA0FF00EB78AA /* ListingTests.swift */ = {isa = PBXFileReference; lastKnownFileType = sourcecode.swift; path = ListingTests.swift; sourceTree = "<group>"; };
		A13CDB04267FA0FF00EB78AA /* Info.plist */ = {isa = PBXFileReference; lastKnownFileType = text.plist.xml; path = Info.plist; sourceTree = "<group>"; };
		A13CDB0A267FB5D700EB78AA /* contacts.json */ = {isa = PBXFileReference; fileEncoding = 4; lastKnownFileType = text.json; path = contacts.json; sourceTree = "<group>"; };
		CD34C12FC780F1D29CBC853D /* Pods-ListingTests.release.xcconfig */ = {isa = PBXFileReference; includeInIndex = 1; lastKnownFileType = text.xcconfig; name = "Pods-ListingTests.release.xcconfig"; path = "Target Support Files/Pods-ListingTests/Pods-ListingTests.release.xcconfig"; sourceTree = "<group>"; };
		D02FF3DCEE9E3567CEA883FE /* Pods-contact.release.xcconfig */ = {isa = PBXFileReference; includeInIndex = 1; lastKnownFileType = text.xcconfig; name = "Pods-contact.release.xcconfig"; path = "Target Support Files/Pods-contact/Pods-contact.release.xcconfig"; sourceTree = "<group>"; };
		FD0F9BE2B5A2F8AD724E82FB /* Pods_ListingTests.framework */ = {isa = PBXFileReference; explicitFileType = wrapper.framework; includeInIndex = 0; path = Pods_ListingTests.framework; sourceTree = BUILT_PRODUCTS_DIR; };
/* End PBXFileReference section */

/* Begin PBXFrameworksBuildPhase section */
		A13791F7267DD43A00A515DC /* Frameworks */ = {
			isa = PBXFrameworksBuildPhase;
			buildActionMask = 2147483647;
			files = (
				37068694F8E33E8A4FB0C612 /* Pods_contact.framework in Frameworks */,
			);
			runOnlyForDeploymentPostprocessing = 0;
		};
		A13CDAFD267FA0FF00EB78AA /* Frameworks */ = {
			isa = PBXFrameworksBuildPhase;
			buildActionMask = 2147483647;
			files = (
				80E5A2F1F92F6EDEA144FD35 /* Pods_ListingTests.framework in Frameworks */,
			);
			runOnlyForDeploymentPostprocessing = 0;
		};
/* End PBXFrameworksBuildPhase section */

/* Begin PBXGroup section */
		00008D524F56821F839D01D2 /* Pods */ = {
			isa = PBXGroup;
			children = (
				91B973123F4CE3340248CE24 /* Pods-contact.debug.xcconfig */,
				D02FF3DCEE9E3567CEA883FE /* Pods-contact.release.xcconfig */,
				86CCBC189A353EE3196D42F1 /* Pods-ListingTests.debug.xcconfig */,
				CD34C12FC780F1D29CBC853D /* Pods-ListingTests.release.xcconfig */,
			);
			path = Pods;
			sourceTree = "<group>";
		};
		6A5E411DC7BBD1AAF060E74B /* Frameworks */ = {
			isa = PBXGroup;
			children = (
				68727BDDFFC5FEB5D2A0106D /* Pods_contact.framework */,
				FD0F9BE2B5A2F8AD724E82FB /* Pods_ListingTests.framework */,
			);
			name = Frameworks;
			sourceTree = "<group>";
		};
		A13791F1267DD43A00A515DC = {
			isa = PBXGroup;
			children = (
				A1379212267DD9AD00A515DC /* R.generated.swift */,
				A1379232267DEF8400A515DC /* Resources */,
				A13791FC267DD43A00A515DC /* contact */,
				A13CDB01267FA0FF00EB78AA /* ListingTests */,
				A13791FB267DD43A00A515DC /* Products */,
				00008D524F56821F839D01D2 /* Pods */,
				6A5E411DC7BBD1AAF060E74B /* Frameworks */,
			);
			sourceTree = "<group>";
		};
		A13791FB267DD43A00A515DC /* Products */ = {
			isa = PBXGroup;
			children = (
				A13791FA267DD43A00A515DC /* contact.app */,
				A13CDB00267FA0FF00EB78AA /* ListingTests.xctest */,
			);
			name = Products;
			sourceTree = "<group>";
		};
		A13791FC267DD43A00A515DC /* contact */ = {
			isa = PBXGroup;
			children = (
				A1379215267DE94800A515DC /* Classes */,
				A13791FD267DD43A00A515DC /* AppDelegate.swift */,
				A13791FF267DD43A00A515DC /* SceneDelegate.swift */,
				A1379230267DEE7700A515DC /* ViewController.swift */,
				A1379203267DD43A00A515DC /* Main.storyboard */,
				A1379206267DD43D00A515DC /* Assets.xcassets */,
				A1379208267DD43D00A515DC /* LaunchScreen.storyboard */,
				A137920B267DD43D00A515DC /* Info.plist */,
			);
			path = contact;
			sourceTree = "<group>";
		};
		A1379215267DE94800A515DC /* Classes */ = {
			isa = PBXGroup;
			children = (
				A1379251267E06C900A515DC /* Model */,
				A1379250267E06C200A515DC /* Services */,
				A137924D267E039C00A515DC /* Extentions */,
				A137923A267DF32F00A515DC /* BaseUIKit */,
				A137922B267DEB4800A515DC /* Assembly */,
				A1379216267DE95700A515DC /* Splash */,
				A1379235267DF0E300A515DC /* Listing */,
				A137925F267E5E6F00A515DC /* Details */,
			);
			path = Classes;
			sourceTree = "<group>";
		};
		A1379216267DE95700A515DC /* Splash */ = {
			isa = PBXGroup;
			children = (
				A1379221267DE95700A515DC /* Coordinator */,
				A1379217267DE95700A515DC /* View */,
			);
			path = Splash;
			sourceTree = "<group>";
		};
		A1379217267DE95700A515DC /* View */ = {
			isa = PBXGroup;
			children = (
				A137921E267DE95700A515DC /* Splash.storyboard */,
				A1379237267DF27200A515DC /* SplashViewController.swift */,
				A1379236267DF27200A515DC /* SplashViewModel.swift */,
			);
			path = View;
			sourceTree = "<group>";
		};
		A1379221267DE95700A515DC /* Coordinator */ = {
			isa = PBXGroup;
			children = (
				A1379222267DE95700A515DC /* SplashConfigurator.swift */,
				A1379220267DE95700A515DC /* SplashWireframe.swift */,
			);
			path = Coordinator;
			sourceTree = "<group>";
		};
		A137922B267DEB4800A515DC /* Assembly */ = {
			isa = PBXGroup;
			children = (
				A137922C267DEB4800A515DC /* Assembly.swift */,
				A137922D267DEB4800A515DC /* Navigation.swift */,
			);
			path = Assembly;
			sourceTree = "<group>";
		};
		A1379232267DEF8400A515DC /* Resources */ = {
			isa = PBXGroup;
			children = (
				A1379233267DEF8400A515DC /* data.json */,
			);
			name = Resources;
			path = contact/Resources;
			sourceTree = "<group>";
		};
		A1379235267DF0E300A515DC /* Listing */ = {
			isa = PBXGroup;
			children = (
				A1379244267E015200A515DC /* Coordinator */,
				A1379241267E015200A515DC /* View */,
			);
			path = Listing;
			sourceTree = "<group>";
		};
		A137923A267DF32F00A515DC /* BaseUIKit */ = {
			isa = PBXGroup;
			children = (
				A137923C267DF34600A515DC /* BaseViewController.swift */,
				A137923B267DF34600A515DC /* ScrollViewController.swift */,
				A137923D267DF34600A515DC /* TableViewController.swift */,
			);
			path = BaseUIKit;
			sourceTree = "<group>";
		};
		A1379241267E015200A515DC /* View */ = {
			isa = PBXGroup;
			children = (
				A137924B267E01FE00A515DC /* Listing.storyboard */,
				A1379243267E015200A515DC /* ListingViewController.swift */,
				A1379242267E015200A515DC /* ListingViewModel.swift */,
				A137925A267E406A00A515DC /* Cell */,
			);
			path = View;
			sourceTree = "<group>";
		};
		A1379244267E015200A515DC /* Coordinator */ = {
			isa = PBXGroup;
			children = (
				A1379245267E015200A515DC /* ListingWireframe.swift */,
				A1379246267E015200A515DC /* ListingConfigurator.swift */,
			);
			path = Coordinator;
			sourceTree = "<group>";
		};
		A137924D267E039C00A515DC /* Extentions */ = {
			isa = PBXGroup;
			children = (
				A1379258267E0CD800A515DC /* Error.swift */,
				A137924E267E039C00A515DC /* UINavigationController+Extension.swift */,
				A1379256267E0B7500A515DC /* Data+Extension.swift */,
				A137927A267F1A5900A515DC /* String+Extension.swift */,
				A13CDAFA267F9C5900EB78AA /* UITextField+Extension.swift */,
			);
			path = Extentions;
			sourceTree = "<group>";
		};
		A1379250267E06C200A515DC /* Services */ = {
			isa = PBXGroup;
			children = (
				A1379254267E098400A515DC /* ContactService.swift */,
			);
			path = Services;
			sourceTree = "<group>";
		};
		A1379251267E06C900A515DC /* Model */ = {
			isa = PBXGroup;
			children = (
				A1379252267E073700A515DC /* Contact.swift */,
			);
			path = Model;
			sourceTree = "<group>";
		};
		A137925A267E406A00A515DC /* Cell */ = {
			isa = PBXGroup;
			children = (
				A137925B267E408000A515DC /* ListingTableViewCell.swift */,
				A137925C267E408000A515DC /* ListingTableViewCell.xib */,
			);
			path = Cell;
			sourceTree = "<group>";
		};
		A137925F267E5E6F00A515DC /* Details */ = {
			isa = PBXGroup;
			children = (
				A137926C267E60D500A515DC /* Coordinator */,
				A137926F267E60D500A515DC /* View */,
			);
			path = Details;
			sourceTree = "<group>";
		};
		A137926C267E60D500A515DC /* Coordinator */ = {
			isa = PBXGroup;
			children = (
				A137926D267E60D500A515DC /* DetailsConfigurator.swift */,
				A137926E267E60D500A515DC /* DetailsWireframe.swift */,
			);
			path = Coordinator;
			sourceTree = "<group>";
		};
		A137926F267E60D500A515DC /* View */ = {
			isa = PBXGroup;
			children = (
				A1379276267E620500A515DC /* Details.storyboard */,
				A1379271267E60D500A515DC /* DetailsViewController.swift */,
				A1379270267E60D500A515DC /* DetailsViewModel.swift */,
				A1379278267F159100A515DC /* InputTextField.swift */,
			);
			path = View;
			sourceTree = "<group>";
		};
		A13CDB01267FA0FF00EB78AA /* ListingTests */ = {
			isa = PBXGroup;
			children = (
				A13CDB02267FA0FF00EB78AA /* ListingTests.swift */,
				A13CDB04267FA0FF00EB78AA /* Info.plist */,
				A13CDB0A267FB5D700EB78AA /* contacts.json */,
			);
			path = ListingTests;
			sourceTree = "<group>";
		};
/* End PBXGroup section */

/* Begin PBXNativeTarget section */
		A13791F9267DD43A00A515DC /* contact */ = {
			isa = PBXNativeTarget;
			buildConfigurationList = A137920E267DD43D00A515DC /* Build configuration list for PBXNativeTarget "contact" */;
			buildPhases = (
				0DB577C79D98CC3FA516D4B6 /* [CP] Check Pods Manifest.lock */,
				A1379211267DD90100A515DC /* ShellScript */,
				A13791F6267DD43A00A515DC /* Sources */,
				A13791F7267DD43A00A515DC /* Frameworks */,
				A13791F8267DD43A00A515DC /* Resources */,
				C865DA7A293140DFB401D963 /* [CP] Embed Pods Frameworks */,
			);
			buildRules = (
			);
			dependencies = (
			);
			name = contact;
			productName = contact;
			productReference = A13791FA267DD43A00A515DC /* contact.app */;
			productType = "com.apple.product-type.application";
		};
		A13CDAFF267FA0FF00EB78AA /* ListingTests */ = {
			isa = PBXNativeTarget;
			buildConfigurationList = A13CDB09267FA0FF00EB78AA /* Build configuration list for PBXNativeTarget "ListingTests" */;
			buildPhases = (
				830F3BBFACB7F28D48AB11D0 /* [CP] Check Pods Manifest.lock */,
				A13CDAFC267FA0FF00EB78AA /* Sources */,
				A13CDAFD267FA0FF00EB78AA /* Frameworks */,
				A13CDAFE267FA0FF00EB78AA /* Resources */,
				09571A260D569CE5A072B07D /* [CP] Embed Pods Frameworks */,
			);
			buildRules = (
			);
			dependencies = (
				A13CDB06267FA0FF00EB78AA /* PBXTargetDependency */,
			);
			name = ListingTests;
			productName = ListingTests;
			productReference = A13CDB00267FA0FF00EB78AA /* ListingTests.xctest */;
			productType = "com.apple.product-type.bundle.unit-test";
		};
/* End PBXNativeTarget section */

/* Begin PBXProject section */
		A13791F2267DD43A00A515DC /* Project object */ = {
			isa = PBXProject;
			attributes = {
				LastSwiftUpdateCheck = 1250;
				LastUpgradeCheck = 1250;
				TargetAttributes = {
					A13791F9267DD43A00A515DC = {
						CreatedOnToolsVersion = 12.5;
					};
					A13CDAFF267FA0FF00EB78AA = {
						CreatedOnToolsVersion = 12.5;
						TestTargetID = A13791F9267DD43A00A515DC;
					};
				};
			};
			buildConfigurationList = A13791F5267DD43A00A515DC /* Build configuration list for PBXProject "contact" */;
			compatibilityVersion = "Xcode 9.3";
			developmentRegion = en;
			hasScannedForEncodings = 0;
			knownRegions = (
				en,
				Base,
			);
			mainGroup = A13791F1267DD43A00A515DC;
			productRefGroup = A13791FB267DD43A00A515DC /* Products */;
			projectDirPath = "";
			projectRoot = "";
			targets = (
				A13791F9267DD43A00A515DC /* contact */,
				A13CDAFF267FA0FF00EB78AA /* ListingTests */,
			);
		};
/* End PBXProject section */

/* Begin PBXResourcesBuildPhase section */
		A13791F8267DD43A00A515DC /* Resources */ = {
			isa = PBXResourcesBuildPhase;
			buildActionMask = 2147483647;
			files = (
				A137920A267DD43D00A515DC /* LaunchScreen.storyboard in Resources */,
				A1379207267DD43D00A515DC /* Assets.xcassets in Resources */,
				A1379205267DD43A00A515DC /* Main.storyboard in Resources */,
				A137925E267E408000A515DC /* ListingTableViewCell.xib in Resources */,
				A1379234267DEF8500A515DC /* data.json in Resources */,
				A1379228267DE95700A515DC /* Splash.storyboard in Resources */,
				A137924C267E01FE00A515DC /* Listing.storyboard in Resources */,
				A1379277267E620500A515DC /* Details.storyboard in Resources */,
			);
			runOnlyForDeploymentPostprocessing = 0;
		};
		A13CDAFE267FA0FF00EB78AA /* Resources */ = {
			isa = PBXResourcesBuildPhase;
			buildActionMask = 2147483647;
			files = (
				A13CDB0B267FB5D700EB78AA /* contacts.json in Resources */,
			);
			runOnlyForDeploymentPostprocessing = 0;
		};
/* End PBXResourcesBuildPhase section */

/* Begin PBXShellScriptBuildPhase section */
		09571A260D569CE5A072B07D /* [CP] Embed Pods Frameworks */ = {
			isa = PBXShellScriptBuildPhase;
			buildActionMask = 2147483647;
			files = (
			);
			inputFileListPaths = (
				"${PODS_ROOT}/Target Support Files/Pods-ListingTests/Pods-ListingTests-frameworks-${CONFIGURATION}-input-files.xcfilelist",
			);
			name = "[CP] Embed Pods Frameworks";
			outputFileListPaths = (
				"${PODS_ROOT}/Target Support Files/Pods-ListingTests/Pods-ListingTests-frameworks-${CONFIGURATION}-output-files.xcfilelist",
			);
			runOnlyForDeploymentPostprocessing = 0;
			shellPath = /bin/sh;
			shellScript = "\"${PODS_ROOT}/Target Support Files/Pods-ListingTests/Pods-ListingTests-frameworks.sh\"\n";
			showEnvVarsInLog = 0;
		};
		0DB577C79D98CC3FA516D4B6 /* [CP] Check Pods Manifest.lock */ = {
			isa = PBXShellScriptBuildPhase;
			buildActionMask = 2147483647;
			files = (
			);
			inputFileListPaths = (
			);
			inputPaths = (
				"${PODS_PODFILE_DIR_PATH}/Podfile.lock",
				"${PODS_ROOT}/Manifest.lock",
			);
			name = "[CP] Check Pods Manifest.lock";
			outputFileListPaths = (
			);
			outputPaths = (
				"$(DERIVED_FILE_DIR)/Pods-contact-checkManifestLockResult.txt",
			);
			runOnlyForDeploymentPostprocessing = 0;
			shellPath = /bin/sh;
			shellScript = "diff \"${PODS_PODFILE_DIR_PATH}/Podfile.lock\" \"${PODS_ROOT}/Manifest.lock\" > /dev/null\nif [ $? != 0 ] ; then\n    # print error to STDERR\n    echo \"error: The sandbox is not in sync with the Podfile.lock. Run 'pod install' or update your CocoaPods installation.\" >&2\n    exit 1\nfi\n# This output is used by Xcode 'outputs' to avoid re-running this script phase.\necho \"SUCCESS\" > \"${SCRIPT_OUTPUT_FILE_0}\"\n";
			showEnvVarsInLog = 0;
		};
		830F3BBFACB7F28D48AB11D0 /* [CP] Check Pods Manifest.lock */ = {
			isa = PBXShellScriptBuildPhase;
			buildActionMask = 2147483647;
			files = (
			);
			inputFileListPaths = (
			);
			inputPaths = (
				"${PODS_PODFILE_DIR_PATH}/Podfile.lock",
				"${PODS_ROOT}/Manifest.lock",
			);
			name = "[CP] Check Pods Manifest.lock";
			outputFileListPaths = (
			);
			outputPaths = (
				"$(DERIVED_FILE_DIR)/Pods-ListingTests-checkManifestLockResult.txt",
			);
			runOnlyForDeploymentPostprocessing = 0;
			shellPath = /bin/sh;
			shellScript = "diff \"${PODS_PODFILE_DIR_PATH}/Podfile.lock\" \"${PODS_ROOT}/Manifest.lock\" > /dev/null\nif [ $? != 0 ] ; then\n    # print error to STDERR\n    echo \"error: The sandbox is not in sync with the Podfile.lock. Run 'pod install' or update your CocoaPods installation.\" >&2\n    exit 1\nfi\n# This output is used by Xcode 'outputs' to avoid re-running this script phase.\necho \"SUCCESS\" > \"${SCRIPT_OUTPUT_FILE_0}\"\n";
			showEnvVarsInLog = 0;
		};
		A1379211267DD90100A515DC /* ShellScript */ = {
			isa = PBXShellScriptBuildPhase;
			buildActionMask = 2147483647;
			files = (
			);
			inputFileListPaths = (
			);
			inputPaths = (
				"$TEMP_DIR/rswift-lastrun",
			);
			outputFileListPaths = (
			);
			outputPaths = (
				$SRCROOT/R.generated.swift,
			);
			runOnlyForDeploymentPostprocessing = 0;
			shellPath = /bin/sh;
			shellScript = "# Type a script or drag a script file from your workspace to insert its path.\n\"$PODS_ROOT/R.swift/rswift\" generate \"$SRCROOT/R.generated.swift\"\n";
		};
		C865DA7A293140DFB401D963 /* [CP] Embed Pods Frameworks */ = {
			isa = PBXShellScriptBuildPhase;
			buildActionMask = 2147483647;
			files = (
			);
			inputFileListPaths = (
				"${PODS_ROOT}/Target Support Files/Pods-contact/Pods-contact-frameworks-${CONFIGURATION}-input-files.xcfilelist",
			);
			name = "[CP] Embed Pods Frameworks";
			outputFileListPaths = (
				"${PODS_ROOT}/Target Support Files/Pods-contact/Pods-contact-frameworks-${CONFIGURATION}-output-files.xcfilelist",
			);
			runOnlyForDeploymentPostprocessing = 0;
			shellPath = /bin/sh;
			shellScript = "\"${PODS_ROOT}/Target Support Files/Pods-contact/Pods-contact-frameworks.sh\"\n";
			showEnvVarsInLog = 0;
		};
/* End PBXShellScriptBuildPhase section */

/* Begin PBXSourcesBuildPhase section */
		A13791F6267DD43A00A515DC /* Sources */ = {
			isa = PBXSourcesBuildPhase;
			buildActionMask = 2147483647;
			files = (
				A137922E267DEB4800A515DC /* Assembly.swift in Sources */,
				A1379253267E073700A515DC /* Contact.swift in Sources */,
				A1379275267E60D500A515DC /* DetailsViewController.swift in Sources */,
				A1379247267E015200A515DC /* ListingViewModel.swift in Sources */,
				A137922A267DE95700A515DC /* SplashConfigurator.swift in Sources */,
				A1379240267DF34600A515DC /* TableViewController.swift in Sources */,
				A13791FE267DD43A00A515DC /* AppDelegate.swift in Sources */,
				A137924A267E015200A515DC /* ListingConfigurator.swift in Sources */,
				A1379238267DF27200A515DC /* SplashViewModel.swift in Sources */,
				A1379257267E0B7500A515DC /* Data+Extension.swift in Sources */,
				A1379255267E098400A515DC /* ContactService.swift in Sources */,
				A1379229267DE95700A515DC /* SplashWireframe.swift in Sources */,
				A1379279267F159100A515DC /* InputTextField.swift in Sources */,
				A137923F267DF34600A515DC /* BaseViewController.swift in Sources */,
				A1379200267DD43A00A515DC /* SceneDelegate.swift in Sources */,
				A13CDAFB267F9C5900EB78AA /* UITextField+Extension.swift in Sources */,
				A137925D267E408000A515DC /* ListingTableViewCell.swift in Sources */,
				A1379248267E015200A515DC /* ListingViewController.swift in Sources */,
				A1379259267E0CD800A515DC /* Error.swift in Sources */,
				A1379231267DEE7700A515DC /* ViewController.swift in Sources */,
				A1379274267E60D500A515DC /* DetailsViewModel.swift in Sources */,
				A137923E267DF34600A515DC /* ScrollViewController.swift in Sources */,
				A137922F267DEB4800A515DC /* Navigation.swift in Sources */,
				A1379249267E015200A515DC /* ListingWireframe.swift in Sources */,
				A1379213267DD9AD00A515DC /* R.generated.swift in Sources */,
				A1379272267E60D500A515DC /* DetailsConfigurator.swift in Sources */,
				A1379273267E60D500A515DC /* DetailsWireframe.swift in Sources */,
				A1379239267DF27200A515DC /* SplashViewController.swift in Sources */,
				A137927B267F1A5900A515DC /* String+Extension.swift in Sources */,
				A137924F267E039C00A515DC /* UINavigationController+Extension.swift in Sources */,
			);
			runOnlyForDeploymentPostprocessing = 0;
		};
		A13CDAFC267FA0FF00EB78AA /* Sources */ = {
			isa = PBXSourcesBuildPhase;
			buildActionMask = 2147483647;
			files = (
				A13CDB03267FA0FF00EB78AA /* ListingTests.swift in Sources */,
			);
			runOnlyForDeploymentPostprocessing = 0;
		};
/* End PBXSourcesBuildPhase section */

/* Begin PBXTargetDependency section */
		A13CDB06267FA0FF00EB78AA /* PBXTargetDependency */ = {
			isa = PBXTargetDependency;
			target = A13791F9267DD43A00A515DC /* contact */;
			targetProxy = A13CDB05267FA0FF00EB78AA /* PBXContainerItemProxy */;
		};
/* End PBXTargetDependency section */

/* Begin PBXVariantGroup section */
		A1379203267DD43A00A515DC /* Main.storyboard */ = {
			isa = PBXVariantGroup;
			children = (
				A1379204267DD43A00A515DC /* Base */,
			);
			name = Main.storyboard;
			sourceTree = "<group>";
		};
		A1379208267DD43D00A515DC /* LaunchScreen.storyboard */ = {
			isa = PBXVariantGroup;
			children = (
				A1379209267DD43D00A515DC /* Base */,
			);
			name = LaunchScreen.storyboard;
			sourceTree = "<group>";
		};
/* End PBXVariantGroup section */

/* Begin XCBuildConfiguration section */
		A137920C267DD43D00A515DC /* Debug */ = {
			isa = XCBuildConfiguration;
			buildSettings = {
				ALWAYS_SEARCH_USER_PATHS = NO;
				CLANG_ANALYZER_NONNULL = YES;
				CLANG_ANALYZER_NUMBER_OBJECT_CONVERSION = YES_AGGRESSIVE;
				CLANG_CXX_LANGUAGE_STANDARD = "gnu++14";
				CLANG_CXX_LIBRARY = "libc++";
				CLANG_ENABLE_MODULES = YES;
				CLANG_ENABLE_OBJC_ARC = YES;
				CLANG_ENABLE_OBJC_WEAK = YES;
				CLANG_WARN_BLOCK_CAPTURE_AUTORELEASING = YES;
				CLANG_WARN_BOOL_CONVERSION = YES;
				CLANG_WARN_COMMA = YES;
				CLANG_WARN_CONSTANT_CONVERSION = YES;
				CLANG_WARN_DEPRECATED_OBJC_IMPLEMENTATIONS = YES;
				CLANG_WARN_DIRECT_OBJC_ISA_USAGE = YES_ERROR;
				CLANG_WARN_DOCUMENTATION_COMMENTS = YES;
				CLANG_WARN_EMPTY_BODY = YES;
				CLANG_WARN_ENUM_CONVERSION = YES;
				CLANG_WARN_INFINITE_RECURSION = YES;
				CLANG_WARN_INT_CONVERSION = YES;
				CLANG_WARN_NON_LITERAL_NULL_CONVERSION = YES;
				CLANG_WARN_OBJC_IMPLICIT_RETAIN_SELF = YES;
				CLANG_WARN_OBJC_LITERAL_CONVERSION = YES;
				CLANG_WARN_OBJC_ROOT_CLASS = YES_ERROR;
				CLANG_WARN_QUOTED_INCLUDE_IN_FRAMEWORK_HEADER = YES;
				CLANG_WARN_RANGE_LOOP_ANALYSIS = YES;
				CLANG_WARN_STRICT_PROTOTYPES = YES;
				CLANG_WARN_SUSPICIOUS_MOVE = YES;
				CLANG_WARN_UNGUARDED_AVAILABILITY = YES_AGGRESSIVE;
				CLANG_WARN_UNREACHABLE_CODE = YES;
				CLANG_WARN__DUPLICATE_METHOD_MATCH = YES;
				COPY_PHASE_STRIP = NO;
				DEBUG_INFORMATION_FORMAT = dwarf;
				ENABLE_STRICT_OBJC_MSGSEND = YES;
				ENABLE_TESTABILITY = YES;
				GCC_C_LANGUAGE_STANDARD = gnu11;
				GCC_DYNAMIC_NO_PIC = NO;
				GCC_NO_COMMON_BLOCKS = YES;
				GCC_OPTIMIZATION_LEVEL = 0;
				GCC_PREPROCESSOR_DEFINITIONS = (
					"DEBUG=1",
					"$(inherited)",
				);
				GCC_WARN_64_TO_32_BIT_CONVERSION = YES;
				GCC_WARN_ABOUT_RETURN_TYPE = YES_ERROR;
				GCC_WARN_UNDECLARED_SELECTOR = YES;
				GCC_WARN_UNINITIALIZED_AUTOS = YES_AGGRESSIVE;
				GCC_WARN_UNUSED_FUNCTION = YES;
				GCC_WARN_UNUSED_VARIABLE = YES;
				IPHONEOS_DEPLOYMENT_TARGET = 14.5;
				MTL_ENABLE_DEBUG_INFO = INCLUDE_SOURCE;
				MTL_FAST_MATH = YES;
				ONLY_ACTIVE_ARCH = YES;
				SDKROOT = iphoneos;
				SWIFT_ACTIVE_COMPILATION_CONDITIONS = DEBUG;
				SWIFT_OPTIMIZATION_LEVEL = "-Onone";
			};
			name = Debug;
		};
		A137920D267DD43D00A515DC /* Release */ = {
			isa = XCBuildConfiguration;
			buildSettings = {
				ALWAYS_SEARCH_USER_PATHS = NO;
				CLANG_ANALYZER_NONNULL = YES;
				CLANG_ANALYZER_NUMBER_OBJECT_CONVERSION = YES_AGGRESSIVE;
				CLANG_CXX_LANGUAGE_STANDARD = "gnu++14";
				CLANG_CXX_LIBRARY = "libc++";
				CLANG_ENABLE_MODULES = YES;
				CLANG_ENABLE_OBJC_ARC = YES;
				CLANG_ENABLE_OBJC_WEAK = YES;
				CLANG_WARN_BLOCK_CAPTURE_AUTORELEASING = YES;
				CLANG_WARN_BOOL_CONVERSION = YES;
				CLANG_WARN_COMMA = YES;
				CLANG_WARN_CONSTANT_CONVERSION = YES;
				CLANG_WARN_DEPRECATED_OBJC_IMPLEMENTATIONS = YES;
				CLANG_WARN_DIRECT_OBJC_ISA_USAGE = YES_ERROR;
				CLANG_WARN_DOCUMENTATION_COMMENTS = YES;
				CLANG_WARN_EMPTY_BODY = YES;
				CLANG_WARN_ENUM_CONVERSION = YES;
				CLANG_WARN_INFINITE_RECURSION = YES;
				CLANG_WARN_INT_CONVERSION = YES;
				CLANG_WARN_NON_LITERAL_NULL_CONVERSION = YES;
				CLANG_WARN_OBJC_IMPLICIT_RETAIN_SELF = YES;
				CLANG_WARN_OBJC_LITERAL_CONVERSION = YES;
				CLANG_WARN_OBJC_ROOT_CLASS = YES_ERROR;
				CLANG_WARN_QUOTED_INCLUDE_IN_FRAMEWORK_HEADER = YES;
				CLANG_WARN_RANGE_LOOP_ANALYSIS = YES;
				CLANG_WARN_STRICT_PROTOTYPES = YES;
				CLANG_WARN_SUSPICIOUS_MOVE = YES;
				CLANG_WARN_UNGUARDED_AVAILABILITY = YES_AGGRESSIVE;
				CLANG_WARN_UNREACHABLE_CODE = YES;
				CLANG_WARN__DUPLICATE_METHOD_MATCH = YES;
				COPY_PHASE_STRIP = NO;
				DEBUG_INFORMATION_FORMAT = "dwarf-with-dsym";
				ENABLE_NS_ASSERTIONS = NO;
				ENABLE_STRICT_OBJC_MSGSEND = YES;
				GCC_C_LANGUAGE_STANDARD = gnu11;
				GCC_NO_COMMON_BLOCKS = YES;
				GCC_WARN_64_TO_32_BIT_CONVERSION = YES;
				GCC_WARN_ABOUT_RETURN_TYPE = YES_ERROR;
				GCC_WARN_UNDECLARED_SELECTOR = YES;
				GCC_WARN_UNINITIALIZED_AUTOS = YES_AGGRESSIVE;
				GCC_WARN_UNUSED_FUNCTION = YES;
				GCC_WARN_UNUSED_VARIABLE = YES;
				IPHONEOS_DEPLOYMENT_TARGET = 14.5;
				MTL_ENABLE_DEBUG_INFO = NO;
				MTL_FAST_MATH = YES;
				SDKROOT = iphoneos;
				SWIFT_COMPILATION_MODE = wholemodule;
				SWIFT_OPTIMIZATION_LEVEL = "-O";
				VALIDATE_PRODUCT = YES;
			};
			name = Release;
		};
		A137920F267DD43D00A515DC /* Debug */ = {
			isa = XCBuildConfiguration;
			baseConfigurationReference = 91B973123F4CE3340248CE24 /* Pods-contact.debug.xcconfig */;
			buildSettings = {
				ASSETCATALOG_COMPILER_APPICON_NAME = AppIcon;
				ASSETCATALOG_COMPILER_GLOBAL_ACCENT_COLOR_NAME = AccentColor;
				CODE_SIGN_STYLE = Automatic;
				INFOPLIST_FILE = contact/Info.plist;
				IPHONEOS_DEPLOYMENT_TARGET = 13.0;
				LD_RUNPATH_SEARCH_PATHS = (
					"$(inherited)",
					"@executable_path/Frameworks",
				);
				PRODUCT_BUNDLE_IDENTIFIER = sitinorain.contact;
				PRODUCT_NAME = "$(TARGET_NAME)";
				SWIFT_VERSION = 5.0;
				TARGETED_DEVICE_FAMILY = "1,2";
			};
			name = Debug;
		};
		A1379210267DD43D00A515DC /* Release */ = {
			isa = XCBuildConfiguration;
			baseConfigurationReference = D02FF3DCEE9E3567CEA883FE /* Pods-contact.release.xcconfig */;
			buildSettings = {
				ASSETCATALOG_COMPILER_APPICON_NAME = AppIcon;
				ASSETCATALOG_COMPILER_GLOBAL_ACCENT_COLOR_NAME = AccentColor;
				CODE_SIGN_STYLE = Automatic;
				INFOPLIST_FILE = contact/Info.plist;
				IPHONEOS_DEPLOYMENT_TARGET = 13.0;
				LD_RUNPATH_SEARCH_PATHS = (
					"$(inherited)",
					"@executable_path/Frameworks",
				);
				PRODUCT_BUNDLE_IDENTIFIER = sitinorain.contact;
				PRODUCT_NAME = "$(TARGET_NAME)";
				SWIFT_VERSION = 5.0;
				TARGETED_DEVICE_FAMILY = "1,2";
			};
			name = Release;
		};
		A13CDB07267FA0FF00EB78AA /* Debug */ = {
			isa = XCBuildConfiguration;
			baseConfigurationReference = 86CCBC189A353EE3196D42F1 /* Pods-ListingTests.debug.xcconfig */;
			buildSettings = {
				BUNDLE_LOADER = "$(TEST_HOST)";
				CODE_SIGN_STYLE = Automatic;
				INFOPLIST_FILE = ListingTests/Info.plist;
				LD_RUNPATH_SEARCH_PATHS = (
					"$(inherited)",
					"@executable_path/Frameworks",
					"@loader_path/Frameworks",
				);
				PRODUCT_BUNDLE_IDENTIFIER = sitinorain.ListingTests;
				PRODUCT_NAME = "$(TARGET_NAME)";
				SWIFT_VERSION = 5.0;
				TARGETED_DEVICE_FAMILY = "1,2";
				TEST_HOST = "$(BUILT_PRODUCTS_DIR)/contact.app/contact";
			};
			name = Debug;
		};
		A13CDB08267FA0FF00EB78AA /* Release */ = {
			isa = XCBuildConfiguration;
			baseConfigurationReference = CD34C12FC780F1D29CBC853D /* Pods-ListingTests.release.xcconfig */;
			buildSettings = {
				BUNDLE_LOADER = "$(TEST_HOST)";
				CODE_SIGN_STYLE = Automatic;
				INFOPLIST_FILE = ListingTests/Info.plist;
				LD_RUNPATH_SEARCH_PATHS = (
					"$(inherited)",
					"@executable_path/Frameworks",
					"@loader_path/Frameworks",
				);
				PRODUCT_BUNDLE_IDENTIFIER = sitinorain.ListingTests;
				PRODUCT_NAME = "$(TARGET_NAME)";
				SWIFT_VERSION = 5.0;
				TARGETED_DEVICE_FAMILY = "1,2";
				TEST_HOST = "$(BUILT_PRODUCTS_DIR)/contact.app/contact";
			};
			name = Release;
		};
/* End XCBuildConfiguration section */

/* Begin XCConfigurationList section */
		A13791F5267DD43A00A515DC /* Build configuration list for PBXProject "contact" */ = {
			isa = XCConfigurationList;
			buildConfigurations = (
				A137920C267DD43D00A515DC /* Debug */,
				A137920D267DD43D00A515DC /* Release */,
			);
			defaultConfigurationIsVisible = 0;
			defaultConfigurationName = Release;
		};
		A137920E267DD43D00A515DC /* Build configuration list for PBXNativeTarget "contact" */ = {
			isa = XCConfigurationList;
			buildConfigurations = (
				A137920F267DD43D00A515DC /* Debug */,
				A1379210267DD43D00A515DC /* Release */,
			);
			defaultConfigurationIsVisible = 0;
			defaultConfigurationName = Release;
		};
		A13CDB09267FA0FF00EB78AA /* Build configuration list for PBXNativeTarget "ListingTests" */ = {
			isa = XCConfigurationList;
			buildConfigurations = (
				A13CDB07267FA0FF00EB78AA /* Debug */,
				A13CDB08267FA0FF00EB78AA /* Release */,
			);
			defaultConfigurationIsVisible = 0;
			defaultConfigurationName = Release;
		};
/* End XCConfigurationList section */
	};
	rootObject = A13791F2267DD43A00A515DC /* Project object */;
}
